
Microsoft Visual Studio Solution File, Format Version 12.00
# Visual Studio 15
VisualStudioVersion = 15.0.28307.271
MinimumVisualStudioVersion = 10.0.40219.1
Project("{FAE04EC0-301F-11D3-BF4B-00C04F79EFBC}") = "DiscordBot", "DiscordBot\DiscordBot.csproj", "{A47314B4-EF56-4F3E-8412-1C34F4A1B023}"
EndProject
Project("{2150E333-8FDC-42A3-9474-1A3956D46DE8}") = "Solution Items", "Solution Items", "{34D48E61-90A3-4E91-902A-8EFEC93CA1FD}"
	ProjectSection(SolutionItems) = preProject
		DiscordBot\bin\Debug\logfile.txt = DiscordBot\bin\Debug\logfile.txt
		DiscordBot\bin\Debug\questions.csv = DiscordBot\bin\Debug\questions.csv
		README.md = README.md
		DiscordBot\bin\Debug\users.txt = DiscordBot\bin\Debug\users.txt
	EndProjectSection
EndProject
Project("{2150E333-8FDC-42A3-9474-1A3956D46DE8}") = "Templates", "Templates", "{C773C108-D17D-4394-934E-0FA4B81561E1}"
	ProjectSection(SolutionItems) = preProject
		DiscordBot\Templates\basic.html = DiscordBot\Templates\basic.html
		DiscordBot\Templates\class.js = DiscordBot\Templates\class.js
		DiscordBot\Templates\empty.css = DiscordBot\Templates\empty.css
		DiscordBot\Templates\empty.html = DiscordBot\Templates\empty.html
		DiscordBot\Templates\empty.js = DiscordBot\Templates\empty.js
		DiscordBot\Templates\full.html = DiscordBot\Templates\full.html
		DiscordBot\Templates\linked\linked.rar = DiscordBot\Templates\linked\linked.rar
	EndProjectSection
EndProject
Global
	GlobalSection(SolutionConfigurationPlatforms) = preSolution
		Debug|Any CPU = Debug|Any CPU
		Release|Any CPU = Release|Any CPU
	EndGlobalSection
	GlobalSection(ProjectConfigurationPlatforms) = postSolution
		{A47314B4-EF56-4F3E-8412-1C34F4A1B023}.Debug|Any CPU.ActiveCfg = Debug|Any CPU
		{A47314B4-EF56-4F3E-8412-1C34F4A1B023}.Debug|Any CPU.Build.0 = Debug|Any CPU
		{A47314B4-EF56-4F3E-8412-1C34F4A1B023}.Release|Any CPU.ActiveCfg = Release|Any CPU
		{A47314B4-EF56-4F3E-8412-1C34F4A1B023}.Release|Any CPU.Build.0 = Release|Any CPU
	EndGlobalSection
	GlobalSection(SolutionProperties) = preSolution
		HideSolutionNode = FALSE
	EndGlobalSection
	GlobalSection(NestedProjects) = preSolution
		{C773C108-D17D-4394-934E-0FA4B81561E1} = {34D48E61-90A3-4E91-902A-8EFEC93CA1FD}
	EndGlobalSection
	GlobalSection(ExtensibilityGlobals) = postSolution
		SolutionGuid = {671D1D04-C4D1-4323-AF45-4AC4BDB4D7E9}
	EndGlobalSection
EndGlobal
